
Microsoft Visual Studio Solution File, Format Version 12.00
# Visual Studio 15
VisualStudioVersion = 15.0.28307.136
MinimumVisualStudioVersion = 10.0.40219.1
Project("{FAE04EC0-301F-11D3-BF4B-00C04F79EFBC}") = "Tests", "Tests\Tests.csproj", "{DF5F3A0E-A598-45CB-802F-A06967974362}"
EndProject
Project("{FAE04EC0-301F-11D3-BF4B-00C04F79EFBC}") = "Analytics.Xamarin.NetStandart", "Analytics.Xamarin.Pcl\Analytics.Xamarin.NetStandart.csproj", "{01E75533-42A6-45A5-84A8-ACC8EF7D729D}"
EndProject
Global
	GlobalSection(SolutionConfigurationPlatforms) = preSolution
		Debug|Any CPU = Debug|Any CPU
		Debug|ARM = Debug|ARM
		Debug|x64 = Debug|x64
		Debug|x86 = Debug|x86
		Release|Any CPU = Release|Any CPU
		Release|ARM = Release|ARM
		Release|x64 = Release|x64
		Release|x86 = Release|x86
	EndGlobalSection
	GlobalSection(ProjectConfigurationPlatforms) = postSolution
		{DF5F3A0E-A598-45CB-802F-A06967974362}.Debug|Any CPU.ActiveCfg = Debug|Any CPU
		{DF5F3A0E-A598-45CB-802F-A06967974362}.Debug|Any CPU.Build.0 = Debug|Any CPU
		{DF5F3A0E-A598-45CB-802F-A06967974362}.Debug|ARM.ActiveCfg = Debug|Any CPU
		{DF5F3A0E-A598-45CB-802F-A06967974362}.Debug|ARM.Build.0 = Debug|Any CPU
		{DF5F3A0E-A598-45CB-802F-A06967974362}.Debug|x64.ActiveCfg = Debug|Any CPU
		{DF5F3A0E-A598-45CB-802F-A06967974362}.Debug|x64.Build.0 = Debug|Any CPU
		{DF5F3A0E-A598-45CB-802F-A06967974362}.Debug|x86.ActiveCfg = Debug|Any CPU
		{DF5F3A0E-A598-45CB-802F-A06967974362}.Debug|x86.Build.0 = Debug|Any CPU
		{DF5F3A0E-A598-45CB-802F-A06967974362}.Release|Any CPU.ActiveCfg = Release|Any CPU
		{DF5F3A0E-A598-45CB-802F-A06967974362}.Release|Any CPU.Build.0 = Release|Any CPU
		{DF5F3A0E-A598-45CB-802F-A06967974362}.Release|ARM.ActiveCfg = Release|Any CPU
		{DF5F3A0E-A598-45CB-802F-A06967974362}.Release|ARM.Build.0 = Release|Any CPU
		{DF5F3A0E-A598-45CB-802F-A06967974362}.Release|x64.ActiveCfg = Release|Any CPU
		{DF5F3A0E-A598-45CB-802F-A06967974362}.Release|x64.Build.0 = Release|Any CPU
		{DF5F3A0E-A598-45CB-802F-A06967974362}.Release|x86.ActiveCfg = Release|Any CPU
		{DF5F3A0E-A598-45CB-802F-A06967974362}.Release|x86.Build.0 = Release|Any CPU
		{01E75533-42A6-45A5-84A8-ACC8EF7D729D}.Debug|Any CPU.ActiveCfg = Debug|Any CPU
		{01E75533-42A6-45A5-84A8-ACC8EF7D729D}.Debug|Any CPU.Build.0 = Debug|Any CPU
		{01E75533-42A6-45A5-84A8-ACC8EF7D729D}.Debug|ARM.ActiveCfg = Debug|Any CPU
		{01E75533-42A6-45A5-84A8-ACC8EF7D729D}.Debug|ARM.Build.0 = Debug|Any CPU
		{01E75533-42A6-45A5-84A8-ACC8EF7D729D}.Debug|x64.ActiveCfg = Debug|Any CPU
		{01E75533-42A6-45A5-84A8-ACC8EF7D729D}.Debug|x64.Build.0 = Debug|Any CPU
		{01E75533-42A6-45A5-84A8-ACC8EF7D729D}.Debug|x86.ActiveCfg = Debug|Any CPU
		{01E75533-42A6-45A5-84A8-ACC8EF7D729D}.Debug|x86.Build.0 = Debug|Any CPU
		{01E75533-42A6-45A5-84A8-ACC8EF7D729D}.Release|Any CPU.ActiveCfg = Release|Any CPU
		{01E75533-42A6-45A5-84A8-ACC8EF7D729D}.Release|Any CPU.Build.0 = Release|Any CPU
		{01E75533-42A6-45A5-84A8-ACC8EF7D729D}.Release|ARM.ActiveCfg = Release|Any CPU
		{01E75533-42A6-45A5-84A8-ACC8EF7D729D}.Release|ARM.Build.0 = Release|Any CPU
		{01E75533-42A6-45A5-84A8-ACC8EF7D729D}.Release|x64.ActiveCfg = Release|Any CPU
		{01E75533-42A6-45A5-84A8-ACC8EF7D729D}.Release|x64.Build.0 = Release|Any CPU
		{01E75533-42A6-45A5-84A8-ACC8EF7D729D}.Release|x86.ActiveCfg = Release|Any CPU
		{01E75533-42A6-45A5-84A8-ACC8EF7D729D}.Release|x86.Build.0 = Release|Any CPU
	EndGlobalSection
	GlobalSection(SolutionProperties) = preSolution
		HideSolutionNode = FALSE
	EndGlobalSection
	GlobalSection(ExtensibilityGlobals) = postSolution
		SolutionGuid = {F16B104F-364D-46B9-AA7F-182E99213298}
	EndGlobalSection
	GlobalSection(MonoDevelopProperties) = preSolution
		StartupItem = Tests\Tests.csproj
	EndGlobalSection
EndGlobal
